Microsoft Visual Studio Solution File, Format Version 12.00
# Visual Studio Version 17
VisualStudioVersion = 17.0.31314.256
MinimumVisualStudioVersion = 10.0.40219.1
Project("{FAE04EC0-301F-11D3-BF4B-00C04F79EFBC}") = "AutomationTool", "E:\Epic Games\UE_5.8\Engine\Source\Programs\AutomationTool\AutomationTool.csproj", "{0B299D3C-B3BD-386C-B62A-F8DE2B4CAD82}"
EndProject
Project("{FAE04EC0-301F-11D3-BF4B-00C04F79EFBC}") = "Android.Automation", "E:\Epic Games\UE_5.8\Engine\Source\Programs\AutomationTool\Android\Android.Automation.csproj", "{197D93E6-CDB5-3FF9-A5B0-906A39410A63}"
EndProject
Project("{FAE04EC0-301F-11D3-BF4B-00C04F79EFBC}") = "Apple.Automation", "E:\Epic Games\UE_5.8\Engine\Source\Programs\AutomationTool\Apple\Apple.Automation.csproj", "{0E407354-4762-3C9F-A03B-EADA2E5BC249}"
EndProject
Project("{FAE04EC0-301F-11D3-BF4B-00C04F79EFBC}") = "AutomationUtils.Automation", "E:\Epic Games\UE_5.8\Engine\Source\Programs\AutomationTool\AutomationUtils\AutomationUtils.Automation.csproj", "{4304C876-7847-38EA-8269-4FA718056F20}"
EndProject
Project("{FAE04EC0-301F-11D3-BF4B-00C04F79EFBC}") = "BuildGraph.Automation", "E:\Epic Games\UE_5.8\Engine\Source\Programs\AutomationTool\BuildGraph\BuildGraph.Automation.csproj", "{BF22AAB4-BBFD-306F-BC9F-39C073CCD216}"
EndProject
Project("{FAE04EC0-301F-11D3-BF4B-00C04F79EFBC}") = "CookedEditor.Automation", "E:\Epic Games\UE_5.8\Engine\Source\Programs\AutomationTool\CookedEditor\CookedEditor.Automation.csproj", "{7AA09BDC-7EFA-328F-B5C5-7961E50D069E}"
EndProject
Project("{FAE04EC0-301F-11D3-BF4B-00C04F79EFBC}") = "CrowdinLocalization.Automation", "E:\Epic Games\UE_5.8\Engine\Source\Programs\AutomationTool\CrowdinLocalization\CrowdinLocalization.Automation.csproj", "{104AEE71-78FA-3C4E-87A9-7A628DD7FB42}"
EndProject
Project("{FAE04EC0-301F-11D3-BF4B-00C04F79EFBC}") = "Gauntlet.Automation", "E:\Epic Games\UE_5.8\Engine\Source\Programs\AutomationTool\Gauntlet\Gauntlet.Automation.csproj", "{101927F3-0533-3543-96B1-EF60B2CF484D}"
EndProject
Project("{FAE04EC0-301F-11D3-BF4B-00C04F79EFBC}") = "Insights.Automation", "E:\Epic Games\UE_5.8\Engine\Source\Programs\AutomationTool\Insights\Insights.Automation.csproj", "{57D0744F-366B-38DC-B63A-2253A6764F20}"
EndProject
Project("{FAE04EC0-301F-11D3-BF4B-00C04F79EFBC}") = "IOS.Automation", "E:\Epic Games\UE_5.8\Engine\Source\Programs\AutomationTool\IOS\IOS.Automation.csproj", "{FAB50B75-BCF6-3415-BE05-BBBC30A8D63C}"
EndProject
Project("{FAE04EC0-301F-11D3-BF4B-00C04F79EFBC}") = "Linux.Automation", "E:\Epic Games\UE_5.8\Engine\Source\Programs\AutomationTool\Linux\Linux.Automation.csproj", "{23F9CC58-30C3-3319-A898-134A6280F1CE}"
EndProject
Project("{FAE04EC0-301F-11D3-BF4B-00C04F79EFBC}") = "LiveLinkHub.Automation", "E:\Epic Games\UE_5.8\Engine\Source\Programs\AutomationTool\LiveLinkHub\LiveLinkHub.Automation.csproj", "{1D379A71-4A84-3FFC-BBA4-8A7FD825F5A1}"
EndProject
Project("{FAE04EC0-301F-11D3-BF4B-00C04F79EFBC}") = "Localization.Automation", "E:\Epic Games\UE_5.8\Engine\Source\Programs\AutomationTool\Localization\Localization.Automation.csproj", "{A547269E-94F0-380A-B423-8C9FF176D2ED}"
EndProject
Project("{FAE04EC0-301F-11D3-BF4B-00C04F79EFBC}") = "LowLevelTests.Automation", "E:\Epic Games\UE_5.8\Engine\Source\Programs\AutomationTool\LowLevelTests\LowLevelTests.Automation.csproj", "{C0CFF0E3-E0D3-3B56-BEA2-5C49F761D009}"
EndProject
Project("{FAE04EC0-301F-11D3-BF4B-00C04F79EFBC}") = "Mac.Automation", "E:\Epic Games\UE_5.8\Engine\Source\Programs\AutomationTool\Mac\Mac.Automation.csproj", "{039A78A8-A670-3662-B249-CF61DD54A895}"
EndProject
Project("{FAE04EC0-301F-11D3-BF4B-00C04F79EFBC}") = "Microsoft.Automation", "E:\Epic Games\UE_5.8\Engine\Source\Programs\AutomationTool\Microsoft\Microsoft.Automation.csproj", "{4FA09107-B796-326D-951F-82B9768AF541}"
EndProject
Project("{FAE04EC0-301F-11D3-BF4B-00C04F79EFBC}") = "Mutable.Automation", "E:\Epic Games\UE_5.8\Engine\Source\Programs\AutomationTool\Mutable\Mutable.Automation.csproj", "{80C416B1-310A-3409-BEAF-CFCBA024755B}"
EndProject
Project("{FAE04EC0-301F-11D3-BF4B-00C04F79EFBC}") = "OneSkyLocalization.Automation", "E:\Epic Games\UE_5.8\Engine\Source\Programs\AutomationTool\OneSkyLocalization\OneSkyLocalization.Automation.csproj", "{BD129166-2002-3CE3-A544-56FD271B96DE}"
EndProject
Project("{FAE04EC0-301F-11D3-BF4B-00C04F79EFBC}") = "AutomationScripts.Automation", "E:\Epic Games\UE_5.8\Engine\Source\Programs\AutomationTool\Scripts\AutomationScripts.Automation.csproj", "{75894938-81C3-3B86-8979-B49500D809B0}"
EndProject
Project("{FAE04EC0-301F-11D3-BF4B-00C04F79EFBC}") = "SmartlingLocalization.Automation", "E:\Epic Games\UE_5.8\Engine\Source\Programs\AutomationTool\SmartlingLocalization\SmartlingLocalization.Automation.csproj", "{1C4D6AD0-8531-36F7-9F65-535DB6E05AA4}"
EndProject
Project("{FAE04EC0-301F-11D3-BF4B-00C04F79EFBC}") = "SteamDeck.Automation", "E:\Epic Games\UE_5.8\Engine\Source\Programs\AutomationTool\SteamDeck\SteamDeck.Automation.csproj", "{83E94627-6CE0-3DEA-B2BF-B3DB432B1D1A}"
EndProject
Project("{FAE04EC0-301F-11D3-BF4B-00C04F79EFBC}") = "Turnkey.Automation", "E:\Epic Games\UE_5.8\Engine\Source\Programs\AutomationTool\Turnkey\Turnkey.Automation.csproj", "{AA78D841-4216-3431-BED4-171DC876A18C}"
EndProject
Project("{FAE04EC0-301F-11D3-BF4B-00C04F79EFBC}") = "TVOS.Automation", "E:\Epic Games\UE_5.8\Engine\Source\Programs\AutomationTool\TVOS\TVOS.Automation.csproj", "{D77C891B-7CF2-3A5A-B3DF-3C4A05188576}"
EndProject
Project("{FAE04EC0-301F-11D3-BF4B-00C04F79EFBC}") = "Win.Automation", "E:\Epic Games\UE_5.8\Engine\Source\Programs\AutomationTool\Win\Win.Automation.csproj", "{ABF76B06-8D00-3DB4-8702-F0214F8C092B}"
EndProject
Project("{FAE04EC0-301F-11D3-BF4B-00C04F79EFBC}") = "XLocLocalization.Automation", "E:\Epic Games\UE_5.8\Engine\Source\Programs\AutomationTool\XLocLocalization\XLocLocalization.Automation.csproj", "{A9AF509E-63AE-3C63-8E6F-B42953C07DEB}"
EndProject
Project("{2150E333-8FDC-42A3-9474-1A3956D46DE8}") = "Dependencies", "Dependencies", "{58A72724-8CB8-3260-8ADB-0161BCAC3D64}"
EndProject
Project("{FAE04EC0-301F-11D3-BF4B-00C04F79EFBC}") = "EpicGames.LogMatchers", "E:\Epic Games\UE_5.8\Engine\Source\Programs\Shared\EpicGames.LogMatchers\EpicGames.LogMatchers.csproj", "{F3F700E7-DB2D-39A9-A189-51ED5E9EE3BD}"
EndProject
Project("{FAE04EC0-301F-11D3-BF4B-00C04F79EFBC}") = "EpicGames.BuildGraph", "E:\Epic Games\UE_5.8\Engine\Source\Programs\Shared\EpicGames.BuildGraph\EpicGames.BuildGraph.csproj", "{71D6D1E1-D38E-36A6-9BCB-17FA852E90FC}"
EndProject
Project("{FAE04EC0-301F-11D3-BF4B-00C04F79EFBC}") = "EpicGames.Build", "E:\Epic Games\UE_5.8\Engine\Source\Programs\Shared\EpicGames.Build\EpicGames.Build.csproj", "{43E68169-A101-372A-AF60-45F48748A91F}"
EndProject
Project("{FAE04EC0-301F-11D3-BF4B-00C04F79EFBC}") = "EpicGames.ProjectStore", "E:\Epic Games\UE_5.8\Engine\Source\Programs\Shared\EpicGames.ProjectStore\EpicGames.ProjectStore.csproj", "{6AB6FDC5-D69B-3CCB-8594-1A21D47621D0}"
EndProject
Project("{FAE04EC0-301F-11D3-BF4B-00C04F79EFBC}") = "EpicGames.Perforce", "E:\Epic Games\UE_5.8\Engine\Source\Programs\Shared\EpicGames.Perforce\EpicGames.Perforce.csproj", "{E723528F-53BB-3674-A450-7B5ED62E2A45}"
EndProject
Project("{FAE04EC0-301F-11D3-BF4B-00C04F79EFBC}") = "EpicGames.Core", "E:\Epic Games\UE_5.8\Engine\Source\Programs\Shared\EpicGames.Core\EpicGames.Core.csproj", "{D34D8210-251E-348C-B82E-EC75C683B8B9}"
EndProject
Project("{FAE04EC0-301F-11D3-BF4B-00C04F79EFBC}") = "UnrealBuildTool", "E:\Epic Games\UE_5.8\Engine\Source\Programs\UnrealBuildTool\UnrealBuildTool.csproj", "{18403DF8-1E8A-3D73-B32E-7E093D480F25}"
EndProject
Project("{FAE04EC0-301F-11D3-BF4B-00C04F79EFBC}") = "EpicGames.Horde", "E:\Epic Games\UE_5.8\Engine\Source\Programs\Shared\EpicGames.Horde\EpicGames.Horde.csproj", "{4691531C-9BCB-3312-BA1E-7E87A278CBC6}"
EndProject
Project("{FAE04EC0-301F-11D3-BF4B-00C04F79EFBC}") = "EpicGames.MsBuild", "E:\Epic Games\UE_5.8\Engine\Source\Programs\Shared\EpicGames.MsBuild\EpicGames.MsBuild.csproj", "{B65E71E9-D6C2-36CE-84A8-90A3E5ED9D85}"
EndProject
Project("{FAE04EC0-301F-11D3-BF4B-00C04F79EFBC}") = "EpicGames.IoHash", "E:\Epic Games\UE_5.8\Engine\Source\Programs\Shared\EpicGames.IoHash\EpicGames.IoHash.csproj", "{C4A40F77-FC66-3410-85A1-D2AC177A1865}"
EndProject
Project("{FAE04EC0-301F-11D3-BF4B-00C04F79EFBC}") = "EpicGames.OIDC", "E:\Epic Games\UE_5.8\Engine\Source\Programs\Shared\EpicGames.OIDC\EpicGames.OIDC.csproj", "{288EE914-8916-379E-8254-1580BDAD91DC}"
EndProject
Project("{FAE04EC0-301F-11D3-BF4B-00C04F79EFBC}") = "EpicGames.Analytics.Telemetry", "E:\Epic Games\UE_5.8\Engine\Source\Programs\Shared\EpicGames.Analytics.Telemetry\EpicGames.Analytics.Telemetry.csproj", "{48BCC4DD-9CDC-34F6-9E5B-FCE3F860B6CA}"
EndProject
Project("{FAE04EC0-301F-11D3-BF4B-00C04F79EFBC}") = "EpicGames.UBA", "E:\Epic Games\UE_5.8\Engine\Source\Programs\Shared\EpicGames.UBA\EpicGames.UBA.csproj", "{B7462B95-F5A1-3A6B-B0D7-E3195DBC0E2F}"
EndProject
Project("{FAE04EC0-301F-11D3-BF4B-00C04F79EFBC}") = "EpicGames.Oodle", "E:\Epic Games\UE_5.8\Engine\Source\Programs\Shared\EpicGames.Oodle\EpicGames.Oodle.csproj", "{D0B35CD0-04B2-39FA-A389-F6E2511DE057}"
EndProject
Project("{FAE04EC0-301F-11D3-BF4B-00C04F79EFBC}") = "EpicGames.UHT", "E:\Epic Games\UE_5.8\Engine\Source\Programs\Shared\EpicGames.UHT\EpicGames.UHT.csproj", "{605F8060-D55C-344A-A39A-6ED7038AE0E7}"
EndProject
Project("{FAE04EC0-301F-11D3-BF4B-00C04F79EFBC}") = "EpicGames.Perforce.Managed", "E:\Epic Games\UE_5.8\Engine\Source\Programs\Shared\EpicGames.Perforce.Managed\EpicGames.Perforce.Managed.csproj", "{23420930-A06A-3B42-862C-85288A954B07}"
EndProject
Project("{FAE04EC0-301F-11D3-BF4B-00C04F79EFBC}") = "EpicGames.Serialization", "E:\Epic Games\UE_5.8\Engine\Source\Programs\Shared\EpicGames.Serialization\EpicGames.Serialization.csproj", "{B8AD4F9D-31A0-30CA-BEE4-94C3F6923EFD}"
EndProject
Project("{FAE04EC0-301F-11D3-BF4B-00C04F79EFBC}") = "EpicGames.Perforce.Fixture", "E:\Epic Games\UE_5.8\Engine\Source\Programs\Shared\EpicGames.Perforce.Fixture\EpicGames.Perforce.Fixture.csproj", "{907348A0-9317-319E-A679-9666CA091FEB}"
EndProject
Project("{2150E333-8FDC-42A3-9474-1A3956D46DE8}") = "Tests", "Tests", "{63F96FAF-71A6-3DD6-AF0D-64B1504528FF}"
EndProject
Project("{FAE04EC0-301F-11D3-BF4B-00C04F79EFBC}") = "EpicGames.Perforce.Tests", "E:\Epic Games\UE_5.8\Engine\Source\Programs\Shared\EpicGames.Perforce.Tests\EpicGames.Perforce.Tests.csproj", "{B5AFCA2C-F8ED-37E7-99DF-5683B9B1CF29}"
EndProject
Project("{FAE04EC0-301F-11D3-BF4B-00C04F79EFBC}") = "EpicGames.BuildGraph.Tests", "E:\Epic Games\UE_5.8\Engine\Source\Programs\Shared\EpicGames.BuildGraph.Tests\EpicGames.BuildGraph.Tests.csproj", "{027E7A15-1384-3431-B407-3CA21C324EF7}"
EndProject
Project("{FAE04EC0-301F-11D3-BF4B-00C04F79EFBC}") = "EpicGames.LogMatchers.Tests", "E:\Epic Games\UE_5.8\Engine\Source\Programs\Shared\EpicGames.LogMatchers.Tests\EpicGames.LogMatchers.Tests.csproj", "{E0B80EF5-818C-3AEF-B5C8-DCFC93615DE7}"
EndProject
Project("{FAE04EC0-301F-11D3-BF4B-00C04F79EFBC}") = "EpicGames.Horde.Tests", "E:\Epic Games\UE_5.8\Engine\Source\Programs\Shared\EpicGames.Horde.Tests\EpicGames.Horde.Tests.csproj", "{AE8CE70B-A08B-3689-B462-B276F8300725}"
EndProject
Project("{FAE04EC0-301F-11D3-BF4B-00C04F79EFBC}") = "EpicGames.Core.Tests", "E:\Epic Games\UE_5.8\Engine\Source\Programs\Shared\EpicGames.Core.Tests\EpicGames.Core.Tests.csproj", "{EE831F14-0E32-3F5A-8702-3FD89D81284A}"
EndProject
Project("{FAE04EC0-301F-11D3-BF4B-00C04F79EFBC}") = "EpicGames.Build.Tests", "E:\Epic Games\UE_5.8\Engine\Source\Programs\Shared\EpicGames.Build.Tests\EpicGames.Build.Tests.csproj", "{1AC95F63-7801-303F-8EA3-0C116B624D40}"
EndProject
Project("{FAE04EC0-301F-11D3-BF4B-00C04F79EFBC}") = "EpicGames.Serialization.Tests", "E:\Epic Games\UE_5.8\Engine\Source\Programs\Shared\EpicGames.Serialization.Tests\EpicGames.Serialization.Tests.csproj", "{93D17CB9-2F65-32B2-8800-C4B534BE5C10}"
EndProject
Project("{FAE04EC0-301F-11D3-BF4B-00C04F79EFBC}") = "EpicGames.Perforce.Managed.Tests", "E:\Epic Games\UE_5.8\Engine\Source\Programs\Shared\EpicGames.Perforce.Managed.Tests\EpicGames.Perforce.Managed.Tests.csproj", "{635A28EA-6F33-3C84-8155-B8F423D5FA64}"
EndProject
Project("{FAE04EC0-301F-11D3-BF4B-00C04F79EFBC}") = "EpicGames.IoHash.Tests", "E:\Epic Games\UE_5.8\Engine\Source\Programs\Shared\EpicGames.IoHash.Tests\EpicGames.IoHash.Tests.csproj", "{C02519DE-5FF0-3C27-B29A-798681E74320}"
EndProject
Global
	GlobalSection(SolutionConfigurationPlatforms) = preSolution
		Analyze|Any CPU = Analyze|Any CPU
		Debug|Any CPU = Debug|Any CPU
		Development|Any CPU = Development|Any CPU
		Release|Any CPU = Release|Any CPU
	EndGlobalSection
	GlobalSection(ProjectConfigurationPlatforms) = postSolution
		{0B299D3C-B3BD-386C-B62A-F8DE2B4CAD82}.Analyze|Any CPU.ActiveCfg = Analyze|Any CPU
		{0B299D3C-B3BD-386C-B62A-F8DE2B4CAD82}.Analyze|Any CPU.Build.0 = Analyze|Any CPU
		{0B299D3C-B3BD-386C-B62A-F8DE2B4CAD82}.Debug|Any CPU.ActiveCfg = Debug|Any CPU
		{0B299D3C-B3BD-386C-B62A-F8DE2B4CAD82}.Debug|Any CPU.Build.0 = Debug|Any CPU
		{0B299D3C-B3BD-386C-B62A-F8DE2B4CAD82}.Development|Any CPU.ActiveCfg = Development|Any CPU
		{0B299D3C-B3BD-386C-B62A-F8DE2B4CAD82}.Development|Any CPU.Build.0 = Development|Any CPU
		{0B299D3C-B3BD-386C-B62A-F8DE2B4CAD82}.Release|Any CPU.ActiveCfg = Release|Any CPU
		{0B299D3C-B3BD-386C-B62A-F8DE2B4CAD82}.Release|Any CPU.Build.0 = Release|Any CPU
		{197D93E6-CDB5-3FF9-A5B0-906A39410A63}.Analyze|Any CPU.ActiveCfg = Analyze|Any CPU
		{197D93E6-CDB5-3FF9-A5B0-906A39410A63}.Analyze|Any CPU.Build.0 = Analyze|Any CPU
		{197D93E6-CDB5-3FF9-A5B0-906A39410A63}.Debug|Any CPU.ActiveCfg = Debug|Any CPU
		{197D93E6-CDB5-3FF9-A5B0-906A39410A63}.Debug|Any CPU.Build.0 = Debug|Any CPU
		{197D93E6-CDB5-3FF9-A5B0-906A39410A63}.Development|Any CPU.ActiveCfg = Development|Any CPU
		{197D93E6-CDB5-3FF9-A5B0-906A39410A63}.Development|Any CPU.Build.0 = Development|Any CPU
		{197D93E6-CDB5-3FF9-A5B0-906A39410A63}.Release|Any CPU.ActiveCfg = Release|Any CPU
		{197D93E6-CDB5-3FF9-A5B0-906A39410A63}.Release|Any CPU.Build.0 = Release|Any CPU
		{0E407354-4762-3C9F-A03B-EADA2E5BC249}.Analyze|Any CPU.ActiveCfg = Analyze|Any CPU
		{0E407354-4762-3C9F-A03B-EADA2E5BC249}.Analyze|Any CPU.Build.0 = Analyze|Any CPU
		{0E407354-4762-3C9F-A03B-EADA2E5BC249}.Debug|Any CPU.ActiveCfg = Debug|Any CPU
		{0E407354-4762-3C9F-A03B-EADA2E5BC249}.Debug|Any CPU.Build.0 = Debug|Any CPU
		{0E407354-4762-3C9F-A03B-EADA2E5BC249}.Development|Any CPU.ActiveCfg = Development|Any CPU
		{0E407354-4762-3C9F-A03B-EADA2E5BC249}.Development|Any CPU.Build.0 = Development|Any CPU
		{0E407354-4762-3C9F-A03B-EADA2E5BC249}.Release|Any CPU.ActiveCfg = Release|Any CPU
		{0E407354-4762-3C9F-A03B-EADA2E5BC249}.Release|Any CPU.Build.0 = Release|Any CPU
		{4304C876-7847-38EA-8269-4FA718056F20}.Analyze|Any CPU.ActiveCfg = Analyze|Any CPU
		{4304C876-7847-38EA-8269-4FA718056F20}.Analyze|Any CPU.Build.0 = Analyze|Any CPU
		{4304C876-7847-38EA-8269-4FA718056F20}.Debug|Any CPU.ActiveCfg = Debug|Any CPU
		{4304C876-7847-38EA-8269-4FA718056F20}.Debug|Any CPU.Build.0 = Debug|Any CPU
		{4304C876-7847-38EA-8269-4FA718056F20}.Development|Any CPU.ActiveCfg = Development|Any CPU
		{4304C876-7847-38EA-8269-4FA718056F20}.Development|Any CPU.Build.0 = Development|Any CPU
		{4304C876-7847-38EA-8269-4FA718056F20}.Release|Any CPU.ActiveCfg = Release|Any CPU
		{4304C876-7847-38EA-8269-4FA718056F20}.Release|Any CPU.Build.0 = Release|Any CPU
		{BF22AAB4-BBFD-306F-BC9F-39C073CCD216}.Analyze|Any CPU.ActiveCfg = Analyze|Any CPU
		{BF22AAB4-BBFD-306F-BC9F-39C073CCD216}.Analyze|Any CPU.Build.0 = Analyze|Any CPU
		{BF22AAB4-BBFD-306F-BC9F-39C073CCD216}.Debug|Any CPU.ActiveCfg = Debug|Any CPU
		{BF22AAB4-BBFD-306F-BC9F-39C073CCD216}.Debug|Any CPU.Build.0 = Debug|Any CPU
		{BF22AAB4-BBFD-306F-BC9F-39C073CCD216}.Development|Any CPU.ActiveCfg = Development|Any CPU
		{BF22AAB4-BBFD-306F-BC9F-39C073CCD216}.Development|Any CPU.Build.0 = Development|Any CPU
		{BF22AAB4-BBFD-306F-BC9F-39C073CCD216}.Release|Any CPU.ActiveCfg = Release|Any CPU
		{BF22AAB4-BBFD-306F-BC9F-39C073CCD216}.Release|Any CPU.Build.0 = Release|Any CPU
		{7AA09BDC-7EFA-328F-B5C5-7961E50D069E}.Analyze|Any CPU.ActiveCfg = Analyze|Any CPU
		{7AA09BDC-7EFA-328F-B5C5-7961E50D069E}.Analyze|Any CPU.Build.0 = Analyze|Any CPU
		{7AA09BDC-7EFA-328F-B5C5-7961E50D069E}.Debug|Any CPU.ActiveCfg = Debug|Any CPU
		{7AA09BDC-7EFA-328F-B5C5-7961E50D069E}.Debug|Any CPU.Build.0 = Debug|Any CPU
		{7AA09BDC-7EFA-328F-B5C5-7961E50D069E}.Development|Any CPU.ActiveCfg = Development|Any CPU
		{7AA09BDC-7EFA-328F-B5C5-7961E50D069E}.Development|Any CPU.Build.0 = Development|Any CPU
		{7AA09BDC-7EFA-328F-B5C5-7961E50D069E}.Release|Any CPU.ActiveCfg = Release|Any CPU
		{7AA09BDC-7EFA-328F-B5C5-7961E50D069E}.Release|Any CPU.Build.0 = Release|Any CPU
		{104AEE71-78FA-3C4E-87A9-7A628DD7FB42}.Analyze|Any CPU.ActiveCfg = Analyze|Any CPU
		{104AEE71-78FA-3C4E-87A9-7A628DD7FB42}.Analyze|Any CPU.Build.0 = Analyze|Any CPU
		{104AEE71-78FA-3C4E-87A9-7A628DD7FB42}.Debug|Any CPU.ActiveCfg = Debug|Any CPU
		{104AEE71-78FA-3C4E-87A9-7A628DD7FB42}.Debug|Any CPU.Build.0 = Debug|Any CPU
		{104AEE71-78FA-3C4E-87A9-7A628DD7FB42}.Development|Any CPU.ActiveCfg = Development|Any CPU
		{104AEE71-78FA-3C4E-87A9-7A628DD7FB42}.Development|Any CPU.Build.0 = Development|Any CPU
		{104AEE71-78FA-3C4E-87A9-7A628DD7FB42}.Release|Any CPU.ActiveCfg = Release|Any CPU
		{104AEE71-78FA-3C4E-87A9-7A628DD7FB42}.Release|Any CPU.Build.0 = Release|Any CPU
		{101927F3-0533-3543-96B1-EF60B2CF484D}.Analyze|Any CPU.ActiveCfg = Analyze|Any CPU
		{101927F3-0533-3543-96B1-EF60B2CF484D}.Analyze|Any CPU.Build.0 = Analyze|Any CPU
		{101927F3-0533-3543-96B1-EF60B2CF484D}.Debug|Any CPU.ActiveCfg = Debug|Any CPU
		{101927F3-0533-3543-96B1-EF60B2CF484D}.Debug|Any CPU.Build.0 = Debug|Any CPU
		{101927F3-0533-3543-96B1-EF60B2CF484D}.Development|Any CPU.ActiveCfg = Development|Any CPU
		{101927F3-0533-3543-96B1-EF60B2CF484D}.Development|Any CPU.Build.0 = Development|Any CPU
		{101927F3-0533-3543-96B1-EF60B2CF484D}.Release|Any CPU.ActiveCfg = Release|Any CPU
		{101927F3-0533-3543-96B1-EF60B2CF484D}.Release|Any CPU.Build.0 = Release|Any CPU
		{57D0744F-366B-38DC-B63A-2253A6764F20}.Analyze|Any CPU.ActiveCfg = Analyze|Any CPU
		{57D0744F-366B-38DC-B63A-2253A6764F20}.Analyze|Any CPU.Build.0 = Analyze|Any CPU
		{57D0744F-366B-38DC-B63A-2253A6764F20}.Debug|Any CPU.ActiveCfg = Debug|Any CPU
		{57D0744F-366B-38DC-B63A-2253A6764F20}.Debug|Any CPU.Build.0 = Debug|Any CPU
		{57D0744F-366B-38DC-B63A-2253A6764F20}.Development|Any CPU.ActiveCfg = Development|Any CPU
		{57D0744F-366B-38DC-B63A-2253A6764F20}.Development|Any CPU.Build.0 = Development|Any CPU
		{57D0744F-366B-38DC-B63A-2253A6764F20}.Release|Any CPU.ActiveCfg = Release|Any CPU
		{57D0744F-366B-38DC-B63A-2253A6764F20}.Release|Any CPU.Build.0 = Release|Any CPU
		{FAB50B75-BCF6-3415-BE05-BBBC30A8D63C}.Analyze|Any CPU.ActiveCfg = Analyze|Any CPU
		{FAB50B75-BCF6-3415-BE05-BBBC30A8D63C}.Analyze|Any CPU.Build.0 = Analyze|Any CPU
		{FAB50B75-BCF6-3415-BE05-BBBC30A8D63C}.Debug|Any CPU.ActiveCfg = Debug|Any CPU
		{FAB50B75-BCF6-3415-BE05-BBBC30A8D63C}.Debug|Any CPU.Build.0 = Debug|Any CPU
		{FAB50B75-BCF6-3415-BE05-BBBC30A8D63C}.Development|Any CPU.ActiveCfg = Development|Any CPU
		{FAB50B75-BCF6-3415-BE05-BBBC30A8D63C}.Development|Any CPU.Build.0 = Development|Any CPU
		{FAB50B75-BCF6-3415-BE05-BBBC30A8D63C}.Release|Any CPU.ActiveCfg = Release|Any CPU
		{FAB50B75-BCF6-3415-BE05-BBBC30A8D63C}.Release|Any CPU.Build.0 = Release|Any CPU
		{23F9CC58-30C3-3319-A898-134A6280F1CE}.Analyze|Any CPU.ActiveCfg = Analyze|Any CPU
		{23F9CC58-30C3-3319-A898-134A6280F1CE}.Analyze|Any CPU.Build.0 = Analyze|Any CPU
		{23F9CC58-30C3-3319-A898-134A6280F1CE}.Debug|Any CPU.ActiveCfg = Debug|Any CPU
		{23F9CC58-30C3-3319-A898-134A6280F1CE}.Debug|Any CPU.Build.0 = Debug|Any CPU
		{23F9CC58-30C3-3319-A898-134A6280F1CE}.Development|Any CPU.ActiveCfg = Development|Any CPU
		{23F9CC58-30C3-3319-A898-134A6280F1CE}.Development|Any CPU.Build.0 = Development|Any CPU
		{23F9CC58-30C3-3319-A898-134A6280F1CE}.Release|Any CPU.ActiveCfg = Release|Any CPU
		{23F9CC58-30C3-3319-A898-134A6280F1CE}.Release|Any CPU.Build.0 = Release|Any CPU
		{1D379A71-4A84-3FFC-BBA4-8A7FD825F5A1}.Analyze|Any CPU.ActiveCfg = Analyze|Any CPU
		{1D379A71-4A84-3FFC-BBA4-8A7FD825F5A1}.Analyze|Any CPU.Build.0 = Analyze|Any CPU
		{1D379A71-4A84-3FFC-BBA4-8A7FD825F5A1}.Debug|Any CPU.ActiveCfg = Debug|Any CPU
		{1D379A71-4A84-3FFC-BBA4-8A7FD825F5A1}.Debug|Any CPU.Build.0 = Debug|Any CPU
		{1D379A71-4A84-3FFC-BBA4-8A7FD825F5A1}.Development|Any CPU.ActiveCfg = Development|Any CPU
		{1D379A71-4A84-3FFC-BBA4-8A7FD825F5A1}.Development|Any CPU.Build.0 = Development|Any CPU
		{1D379A71-4A84-3FFC-BBA4-8A7FD825F5A1}.Release|Any CPU.ActiveCfg = Release|Any CPU
		{1D379A71-4A84-3FFC-BBA4-8A7FD825F5A1}.Release|Any CPU.Build.0 = Release|Any CPU
		{A547269E-94F0-380A-B423-8C9FF176D2ED}.Analyze|Any CPU.ActiveCfg = Analyze|Any CPU
		{A547269E-94F0-380A-B423-8C9FF176D2ED}.Analyze|Any CPU.Build.0 = Analyze|Any CPU
		{A547269E-94F0-380A-B423-8C9FF176D2ED}.Debug|Any CPU.ActiveCfg = Debug|Any CPU
		{A547269E-94F0-380A-B423-8C9FF176D2ED}.Debug|Any CPU.Build.0 = Debug|Any CPU
		{A547269E-94F0-380A-B423-8C9FF176D2ED}.Development|Any CPU.ActiveCfg = Development|Any CPU
		{A547269E-94F0-380A-B423-8C9FF176D2ED}.Development|Any CPU.Build.0 = Development|Any CPU
		{A547269E-94F0-380A-B423-8C9FF176D2ED}.Release|Any CPU.ActiveCfg = Release|Any CPU
		{A547269E-94F0-380A-B423-8C9FF176D2ED}.Release|Any CPU.Build.0 = Release|Any CPU
		{C0CFF0E3-E0D3-3B56-BEA2-5C49F761D009}.Analyze|Any CPU.ActiveCfg = Analyze|Any CPU
		{C0CFF0E3-E0D3-3B56-BEA2-5C49F761D009}.Analyze|Any CPU.Build.0 = Analyze|Any CPU
		{C0CFF0E3-E0D3-3B56-BEA2-5C49F761D009}.Debug|Any CPU.ActiveCfg = Debug|Any CPU
		{C0CFF0E3-E0D3-3B56-BEA2-5C49F761D009}.Debug|Any CPU.Build.0 = Debug|Any CPU
		{C0CFF0E3-E0D3-3B56-BEA2-5C49F761D009}.Development|Any CPU.ActiveCfg = Development|Any CPU
		{C0CFF0E3-E0D3-3B56-BEA2-5C49F761D009}.Development|Any CPU.Build.0 = Development|Any CPU
		{C0CFF0E3-E0D3-3B56-BEA2-5C49F761D009}.Release|Any CPU.ActiveCfg = Release|Any CPU
		{C0CFF0E3-E0D3-3B56-BEA2-5C49F761D009}.Release|Any CPU.Build.0 = Release|Any CPU
		{039A78A8-A670-3662-B249-CF61DD54A895}.Analyze|Any CPU.ActiveCfg = Analyze|Any CPU
		{039A78A8-A670-3662-B249-CF61DD54A895}.Analyze|Any CPU.Build.0 = Analyze|Any CPU
		{039A78A8-A670-3662-B249-CF61DD54A895}.Debug|Any CPU.ActiveCfg = Debug|Any CPU
		{039A78A8-A670-3662-B249-CF61DD54A895}.Debug|Any CPU.Build.0 = Debug|Any CPU
		{039A78A8-A670-3662-B249-CF61DD54A895}.Development|Any CPU.ActiveCfg = Development|Any CPU
		{039A78A8-A670-3662-B249-CF61DD54A895}.Development|Any CPU.Build.0 = Development|Any CPU
		{039A78A8-A670-3662-B249-CF61DD54A895}.Release|Any CPU.ActiveCfg = Release|Any CPU
		{039A78A8-A670-3662-B249-CF61DD54A895}.Release|Any CPU.Build.0 = Release|Any CPU
		{4FA09107-B796-326D-951F-82B9768AF541}.Analyze|Any CPU.ActiveCfg = Analyze|Any CPU
		{4FA09107-B796-326D-951F-82B9768AF541}.Analyze|Any CPU.Build.0 = Analyze|Any CPU
		{4FA09107-B796-326D-951F-82B9768AF541}.Debug|Any CPU.ActiveCfg = Debug|Any CPU
		{4FA09107-B796-326D-951F-82B9768AF541}.Debug|Any CPU.Build.0 = Debug|Any CPU
		{4FA09107-B796-326D-951F-82B9768AF541}.Development|Any CPU.ActiveCfg = Development|Any CPU
		{4FA09107-B796-326D-951F-82B9768AF541}.Development|Any CPU.Build.0 = Development|Any CPU
		{4FA09107-B796-326D-951F-82B9768AF541}.Release|Any CPU.ActiveCfg = Release|Any CPU
		{4FA09107-B796-326D-951F-82B9768AF541}.Release|Any CPU.Build.0 = Release|Any CPU
		{80C416B1-310A-3409-BEAF-CFCBA024755B}.Analyze|Any CPU.ActiveCfg = Analyze|Any CPU
		{80C416B1-310A-3409-BEAF-CFCBA024755B}.Analyze|Any CPU.Build.0 = Analyze|Any CPU
		{80C416B1-310A-3409-BEAF-CFCBA024755B}.Debug|Any CPU.ActiveCfg = Debug|Any CPU
		{80C416B1-310A-3409-BEAF-CFCBA024755B}.Debug|Any CPU.Build.0 = Debug|Any CPU
		{80C416B1-310A-3409-BEAF-CFCBA024755B}.Development|Any CPU.ActiveCfg = Development|Any CPU
		{80C416B1-310A-3409-BEAF-CFCBA024755B}.Development|Any CPU.Build.0 = Development|Any CPU
		{80C416B1-310A-3409-BEAF-CFCBA024755B}.Release|Any CPU.ActiveCfg = Release|Any CPU
		{80C416B1-310A-3409-BEAF-CFCBA024755B}.Release|Any CPU.Build.0 = Release|Any CPU
		{BD129166-2002-3CE3-A544-56FD271B96DE}.Analyze|Any CPU.ActiveCfg = Analyze|Any CPU
		{BD129166-2002-3CE3-A544-56FD271B96DE}.Analyze|Any CPU.Build.0 = Analyze|Any CPU
		{BD129166-2002-3CE3-A544-56FD271B96DE}.Debug|Any CPU.ActiveCfg = Debug|Any CPU
		{BD129166-2002-3CE3-A544-56FD271B96DE}.Debug|Any CPU.Build.0 = Debug|Any CPU
		{BD129166-2002-3CE3-A544-56FD271B96DE}.Development|Any CPU.ActiveCfg = Development|Any CPU
		{BD129166-2002-3CE3-A544-56FD271B96DE}.Development|Any CPU.Build.0 = Development|Any CPU
		{BD129166-2002-3CE3-A544-56FD271B96DE}.Release|Any CPU.ActiveCfg = Release|Any CPU
		{BD129166-2002-3CE3-A544-56FD271B96DE}.Release|Any CPU.Build.0 = Release|Any CPU
		{75894938-81C3-3B86-8979-B49500D809B0}.Analyze|Any CPU.ActiveCfg = Analyze|Any CPU
		{75894938-81C3-3B86-8979-B49500D809B0}.Analyze|Any CPU.Build.0 = Analyze|Any CPU
		{75894938-81C3-3B86-8979-B49500D809B0}.Debug|Any CPU.ActiveCfg = Debug|Any CPU
		{75894938-81C3-3B86-8979-B49500D809B0}.Debug|Any CPU.Build.0 = Debug|Any CPU
		{75894938-81C3-3B86-8979-B49500D809B0}.Development|Any CPU.ActiveCfg = Development|Any CPU
		{75894938-81C3-3B86-8979-B49500D809B0}.Development|Any CPU.Build.0 = Development|Any CPU
		{75894938-81C3-3B86-8979-B49500D809B0}.Release|Any CPU.ActiveCfg = Release|Any CPU
		{75894938-81C3-3B86-8979-B49500D809B0}.Release|Any CPU.Build.0 = Release|Any CPU
		{1C4D6AD0-8531-36F7-9F65-535DB6E05AA4}.Analyze|Any CPU.ActiveCfg = Analyze|Any CPU
		{1C4D6AD0-8531-36F7-9F65-535DB6E05AA4}.Analyze|Any CPU.Build.0 = Analyze|Any CPU
		{1C4D6AD0-8531-36F7-9F65-535DB6E05AA4}.Debug|Any CPU.ActiveCfg = Debug|Any CPU
		{1C4D6AD0-8531-36F7-9F65-535DB6E05AA4}.Debug|Any CPU.Build.0 = Debug|Any CPU
		{1C4D6AD0-8531-36F7-9F65-535DB6E05AA4}.Development|Any CPU.ActiveCfg = Development|Any CPU
		{1C4D6AD0-8531-36F7-9F65-535DB6E05AA4}.Development|Any CPU.Build.0 = Development|Any CPU
		{1C4D6AD0-8531-36F7-9F65-535DB6E05AA4}.Release|Any CPU.ActiveCfg = Release|Any CPU
		{1C4D6AD0-8531-36F7-9F65-535DB6E05AA4}.Release|Any CPU.Build.0 = Release|Any CPU
		{83E94627-6CE0-3DEA-B2BF-B3DB432B1D1A}.Analyze|Any CPU.ActiveCfg = Analyze|Any CPU
		{83E94627-6CE0-3DEA-B2BF-B3DB432B1D1A}.Analyze|Any CPU.Build.0 = Analyze|Any CPU
		{83E94627-6CE0-3DEA-B2BF-B3DB432B1D1A}.Debug|Any CPU.ActiveCfg = Debug|Any CPU
		{83E94627-6CE0-3DEA-B2BF-B3DB432B1D1A}.Debug|Any CPU.Build.0 = Debug|Any CPU
		{83E94627-6CE0-3DEA-B2BF-B3DB432B1D1A}.Development|Any CPU.ActiveCfg = Development|Any CPU
		{83E94627-6CE0-3DEA-B2BF-B3DB432B1D1A}.Development|Any CPU.Build.0 = Development|Any CPU
		{83E94627-6CE0-3DEA-B2BF-B3DB432B1D1A}.Release|Any CPU.ActiveCfg = Release|Any CPU
		{83E94627-6CE0-3DEA-B2BF-B3DB432B1D1A}.Release|Any CPU.Build.0 = Release|Any CPU
		{AA78D841-4216-3431-BED4-171DC876A18C}.Analyze|Any CPU.ActiveCfg = Analyze|Any CPU
		{AA78D841-4216-3431-BED4-171DC876A18C}.Analyze|Any CPU.Build.0 = Analyze|Any CPU
		{AA78D841-4216-3431-BED4-171DC876A18C}.Debug|Any CPU.ActiveCfg = Debug|Any CPU
		{AA78D841-4216-3431-BED4-171DC876A18C}.Debug|Any CPU.Build.0 = Debug|Any CPU
		{AA78D841-4216-3431-BED4-171DC876A18C}.Development|Any CPU.ActiveCfg = Development|Any CPU
		{AA78D841-4216-3431-BED4-171DC876A18C}.Development|Any CPU.Build.0 = Development|Any CPU
		{AA78D841-4216-3431-BED4-171DC876A18C}.Release|Any CPU.ActiveCfg = Release|Any CPU
		{AA78D841-4216-3431-BED4-171DC876A18C}.Release|Any CPU.Build.0 = Release|Any CPU
		{D77C891B-7CF2-3A5A-B3DF-3C4A05188576}.Analyze|Any CPU.ActiveCfg = Analyze|Any CPU
		{D77C891B-7CF2-3A5A-B3DF-3C4A05188576}.Analyze|Any CPU.Build.0 = Analyze|Any CPU
		{D77C891B-7CF2-3A5A-B3DF-3C4A05188576}.Debug|Any CPU.ActiveCfg = Debug|Any CPU
		{D77C891B-7CF2-3A5A-B3DF-3C4A05188576}.Debug|Any CPU.Build.0 = Debug|Any CPU
		{D77C891B-7CF2-3A5A-B3DF-3C4A05188576}.Development|Any CPU.ActiveCfg = Development|Any CPU
		{D77C891B-7CF2-3A5A-B3DF-3C4A05188576}.Development|Any CPU.Build.0 = Development|Any CPU
		{D77C891B-7CF2-3A5A-B3DF-3C4A05188576}.Release|Any CPU.ActiveCfg = Release|Any CPU
		{D77C891B-7CF2-3A5A-B3DF-3C4A05188576}.Release|Any CPU.Build.0 = Release|Any CPU
		{ABF76B06-8D00-3DB4-8702-F0214F8C092B}.Analyze|Any CPU.ActiveCfg = Analyze|Any CPU
		{ABF76B06-8D00-3DB4-8702-F0214F8C092B}.Analyze|Any CPU.Build.0 = Analyze|Any CPU
		{ABF76B06-8D00-3DB4-8702-F0214F8C092B}.Debug|Any CPU.ActiveCfg = Debug|Any CPU
		{ABF76B06-8D00-3DB4-8702-F0214F8C092B}.Debug|Any CPU.Build.0 = Debug|Any CPU
		{ABF76B06-8D00-3DB4-8702-F0214F8C092B}.Development|Any CPU.ActiveCfg = Development|Any CPU
		{ABF76B06-8D00-3DB4-8702-F0214F8C092B}.Development|Any CPU.Build.0 = Development|Any CPU
		{ABF76B06-8D00-3DB4-8702-F0214F8C092B}.Release|Any CPU.ActiveCfg = Release|Any CPU
		{ABF76B06-8D00-3DB4-8702-F0214F8C092B}.Release|Any CPU.Build.0 = Release|Any CPU
		{A9AF509E-63AE-3C63-8E6F-B42953C07DEB}.Analyze|Any CPU.ActiveCfg = Analyze|Any CPU
		{A9AF509E-63AE-3C63-8E6F-B42953C07DEB}.Analyze|Any CPU.Build.0 = Analyze|Any CPU
		{A9AF509E-63AE-3C63-8E6F-B42953C07DEB}.Debug|Any CPU.ActiveCfg = Debug|Any CPU
		{A9AF509E-63AE-3C63-8E6F-B42953C07DEB}.Debug|Any CPU.Build.0 = Debug|Any CPU
		{A9AF509E-63AE-3C63-8E6F-B42953C07DEB}.Development|Any CPU.ActiveCfg = Development|Any CPU
		{A9AF509E-63AE-3C63-8E6F-B42953C07DEB}.Development|Any CPU.Build.0 = Development|Any CPU
		{A9AF509E-63AE-3C63-8E6F-B42953C07DEB}.Release|Any CPU.ActiveCfg = Release|Any CPU
		{A9AF509E-63AE-3C63-8E6F-B42953C07DEB}.Release|Any CPU.Build.0 = Release|Any CPU
		{F3F700E7-DB2D-39A9-A189-51ED5E9EE3BD}.Analyze|Any CPU.ActiveCfg = Analyze|Any CPU
		{F3F700E7-DB2D-39A9-A189-51ED5E9EE3BD}.Analyze|Any CPU.Build.0 = Analyze|Any CPU
		{F3F700E7-DB2D-39A9-A189-51ED5E9EE3BD}.Debug|Any CPU.ActiveCfg = Debug|Any CPU
		{F3F700E7-DB2D-39A9-A189-51ED5E9EE3BD}.Debug|Any CPU.Build.0 = Debug|Any CPU
		{F3F700E7-DB2D-39A9-A189-51ED5E9EE3BD}.Development|Any CPU.ActiveCfg = Development|Any CPU
		{F3F700E7-DB2D-39A9-A189-51ED5E9EE3BD}.Development|Any CPU.Build.0 = Development|Any CPU
		{F3F700E7-DB2D-39A9-A189-51ED5E9EE3BD}.Release|Any CPU.ActiveCfg = Release|Any CPU
		{F3F700E7-DB2D-39A9-A189-51ED5E9EE3BD}.Release|Any CPU.Build.0 = Release|Any CPU
		{71D6D1E1-D38E-36A6-9BCB-17FA852E90FC}.Analyze|Any CPU.ActiveCfg = Analyze|Any CPU
		{71D6D1E1-D38E-36A6-9BCB-17FA852E90FC}.Analyze|Any CPU.Build.0 = Analyze|Any CPU
		{71D6D1E1-D38E-36A6-9BCB-17FA852E90FC}.Debug|Any CPU.ActiveCfg = Debug|Any CPU
		{71D6D1E1-D38E-36A6-9BCB-17FA852E90FC}.Debug|Any CPU.Build.0 = Debug|Any CPU
		{71D6D1E1-D38E-36A6-9BCB-17FA852E90FC}.Development|Any CPU.ActiveCfg = Development|Any CPU
		{71D6D1E1-D38E-36A6-9BCB-17FA852E90FC}.Development|Any CPU.Build.0 = Development|Any CPU
		{71D6D1E1-D38E-36A6-9BCB-17FA852E90FC}.Release|Any CPU.ActiveCfg = Release|Any CPU
		{71D6D1E1-D38E-36A6-9BCB-17FA852E90FC}.Release|Any CPU.Build.0 = Release|Any CPU
		{43E68169-A101-372A-AF60-45F48748A91F}.Analyze|Any CPU.ActiveCfg = Analyze|Any CPU
		{43E68169-A101-372A-AF60-45F48748A91F}.Analyze|Any CPU.Build.0 = Analyze|Any CPU
		{43E68169-A101-372A-AF60-45F48748A91F}.Debug|Any CPU.ActiveCfg = Debug|Any CPU
		{43E68169-A101-372A-AF60-45F48748A91F}.Debug|Any CPU.Build.0 = Debug|Any CPU
		{43E68169-A101-372A-AF60-45F48748A91F}.Development|Any CPU.ActiveCfg = Development|Any CPU
		{43E68169-A101-372A-AF60-45F48748A91F}.Development|Any CPU.Build.0 = Development|Any CPU
		{43E68169-A101-372A-AF60-45F48748A91F}.Release|Any CPU.ActiveCfg = Release|Any CPU
		{43E68169-A101-372A-AF60-45F48748A91F}.Release|Any CPU.Build.0 = Release|Any CPU
		{6AB6FDC5-D69B-3CCB-8594-1A21D47621D0}.Analyze|Any CPU.ActiveCfg = Analyze|Any CPU
		{6AB6FDC5-D69B-3CCB-8594-1A21D47621D0}.Analyze|Any CPU.Build.0 = Analyze|Any CPU
		{6AB6FDC5-D69B-3CCB-8594-1A21D47621D0}.Debug|Any CPU.ActiveCfg = Debug|Any CPU
		{6AB6FDC5-D69B-3CCB-8594-1A21D47621D0}.Debug|Any CPU.Build.0 = Debug|Any CPU
		{6AB6FDC5-D69B-3CCB-8594-1A21D47621D0}.Development|Any CPU.ActiveCfg = Development|Any CPU
		{6AB6FDC5-D69B-3CCB-8594-1A21D47621D0}.Development|Any CPU.Build.0 = Development|Any CPU
		{6AB6FDC5-D69B-3CCB-8594-1A21D47621D0}.Release|Any CPU.ActiveCfg = Release|Any CPU
		{6AB6FDC5-D69B-3CCB-8594-1A21D47621D0}.Release|Any CPU.Build.0 = Release|Any CPU
		{E723528F-53BB-3674-A450-7B5ED62E2A45}.Analyze|Any CPU.ActiveCfg = Analyze|Any CPU
		{E723528F-53BB-3674-A450-7B5ED62E2A45}.Analyze|Any CPU.Build.0 = Analyze|Any CPU
		{E723528F-53BB-3674-A450-7B5ED62E2A45}.Debug|Any CPU.ActiveCfg = Debug|Any CPU
		{E723528F-53BB-3674-A450-7B5ED62E2A45}.Debug|Any CPU.Build.0 = Debug|Any CPU
		{E723528F-53BB-3674-A450-7B5ED62E2A45}.Development|Any CPU.ActiveCfg = Development|Any CPU
		{E723528F-53BB-3674-A450-7B5ED62E2A45}.Development|Any CPU.Build.0 = Development|Any CPU
		{E723528F-53BB-3674-A450-7B5ED62E2A45}.Release|Any CPU.ActiveCfg = Release|Any CPU
		{E723528F-53BB-3674-A450-7B5ED62E2A45}.Release|Any CPU.Build.0 = Release|Any CPU
		{D34D8210-251E-348C-B82E-EC75C683B8B9}.Analyze|Any CPU.ActiveCfg = Analyze|Any CPU
		{D34D8210-251E-348C-B82E-EC75C683B8B9}.Analyze|Any CPU.Build.0 = Analyze|Any CPU
		{D34D8210-251E-348C-B82E-EC75C683B8B9}.Debug|Any CPU.ActiveCfg = Debug|Any CPU
		{D34D8210-251E-348C-B82E-EC75C683B8B9}.Debug|Any CPU.Build.0 = Debug|Any CPU
		{D34D8210-251E-348C-B82E-EC75C683B8B9}.Development|Any CPU.ActiveCfg = Development|Any CPU
		{D34D8210-251E-348C-B82E-EC75C683B8B9}.Development|Any CPU.Build.0 = Development|Any CPU
		{D34D8210-251E-348C-B82E-EC75C683B8B9}.Release|Any CPU.ActiveCfg = Release|Any CPU
		{D34D8210-251E-348C-B82E-EC75C683B8B9}.Release|Any CPU.Build.0 = Release|Any CPU
		{18403DF8-1E8A-3D73-B32E-7E093D480F25}.Analyze|Any CPU.ActiveCfg = Analyze|Any CPU
		{18403DF8-1E8A-3D73-B32E-7E093D480F25}.Analyze|Any CPU.Build.0 = Analyze|Any CPU
		{18403DF8-1E8A-3D73-B32E-7E093D480F25}.Debug|Any CPU.ActiveCfg = Debug|Any CPU
		{18403DF8-1E8A-3D73-B32E-7E093D480F25}.Debug|Any CPU.Build.0 = Debug|Any CPU
		{18403DF8-1E8A-3D73-B32E-7E093D480F25}.Development|Any CPU.ActiveCfg = Development|Any CPU
		{18403DF8-1E8A-3D73-B32E-7E093D480F25}.Development|Any CPU.Build.0 = Development|Any CPU
		{18403DF8-1E8A-3D73-B32E-7E093D480F25}.Release|Any CPU.ActiveCfg = Release|Any CPU
		{18403DF8-1E8A-3D73-B32E-7E093D480F25}.Release|Any CPU.Build.0 = Release|Any CPU
		{4691531C-9BCB-3312-BA1E-7E87A278CBC6}.Analyze|Any CPU.ActiveCfg = Analyze|Any CPU
		{4691531C-9BCB-3312-BA1E-7E87A278CBC6}.Analyze|Any CPU.Build.0 = Analyze|Any CPU
		{4691531C-9BCB-3312-BA1E-7E87A278CBC6}.Debug|Any CPU.ActiveCfg = Debug|Any CPU
		{4691531C-9BCB-3312-BA1E-7E87A278CBC6}.Debug|Any CPU.Build.0 = Debug|Any CPU
		{4691531C-9BCB-3312-BA1E-7E87A278CBC6}.Development|Any CPU.ActiveCfg = Development|Any CPU
		{4691531C-9BCB-3312-BA1E-7E87A278CBC6}.Development|Any CPU.Build.0 = Development|Any CPU
		{4691531C-9BCB-3312-BA1E-7E87A278CBC6}.Release|Any CPU.ActiveCfg = Release|Any CPU
		{4691531C-9BCB-3312-BA1E-7E87A278CBC6}.Release|Any CPU.Build.0 = Release|Any CPU
		{B65E71E9-D6C2-36CE-84A8-90A3E5ED9D85}.Analyze|Any CPU.ActiveCfg = Analyze|Any CPU
		{B65E71E9-D6C2-36CE-84A8-90A3E5ED9D85}.Analyze|Any CPU.Build.0 = Analyze|Any CPU
		{B65E71E9-D6C2-36CE-84A8-90A3E5ED9D85}.Debug|Any CPU.ActiveCfg = Debug|Any CPU
		{B65E71E9-D6C2-36CE-84A8-90A3E5ED9D85}.Debug|Any CPU.Build.0 = Debug|Any CPU
		{B65E71E9-D6C2-36CE-84A8-90A3E5ED9D85}.Development|Any CPU.ActiveCfg = Development|Any CPU
		{B65E71E9-D6C2-36CE-84A8-90A3E5ED9D85}.Development|Any CPU.Build.0 = Development|Any CPU
		{B65E71E9-D6C2-36CE-84A8-90A3E5ED9D85}.Release|Any CPU.ActiveCfg = Release|Any CPU
		{B65E71E9-D6C2-36CE-84A8-90A3E5ED9D85}.Release|Any CPU.Build.0 = Release|Any CPU
		{C4A40F77-FC66-3410-85A1-D2AC177A1865}.Analyze|Any CPU.ActiveCfg = Analyze|Any CPU
		{C4A40F77-FC66-3410-85A1-D2AC177A1865}.Analyze|Any CPU.Build.0 = Analyze|Any CPU
		{C4A40F77-FC66-3410-85A1-D2AC177A1865}.Debug|Any CPU.ActiveCfg = Debug|Any CPU
		{C4A40F77-FC66-3410-85A1-D2AC177A1865}.Debug|Any CPU.Build.0 = Debug|Any CPU
		{C4A40F77-FC66-3410-85A1-D2AC177A1865}.Development|Any CPU.ActiveCfg = Development|Any CPU
		{C4A40F77-FC66-3410-85A1-D2AC177A1865}.Development|Any CPU.Build.0 = Development|Any CPU
		{C4A40F77-FC66-3410-85A1-D2AC177A1865}.Release|Any CPU.ActiveCfg = Release|Any CPU
		{C4A40F77-FC66-3410-85A1-D2AC177A1865}.Release|Any CPU.Build.0 = Release|Any CPU
		{288EE914-8916-379E-8254-1580BDAD91DC}.Analyze|Any CPU.ActiveCfg = Analyze|Any CPU
		{288EE914-8916-379E-8254-1580BDAD91DC}.Analyze|Any CPU.Build.0 = Analyze|Any CPU
		{288EE914-8916-379E-8254-1580BDAD91DC}.Debug|Any CPU.ActiveCfg = Debug|Any CPU
		{288EE914-8916-379E-8254-1580BDAD91DC}.Debug|Any CPU.Build.0 = Debug|Any CPU
		{288EE914-8916-379E-8254-1580BDAD91DC}.Development|Any CPU.ActiveCfg = Development|Any CPU
		{288EE914-8916-379E-8254-1580BDAD91DC}.Development|Any CPU.Build.0 = Development|Any CPU
		{288EE914-8916-379E-8254-1580BDAD91DC}.Release|Any CPU.ActiveCfg = Release|Any CPU
		{288EE914-8916-379E-8254-1580BDAD91DC}.Release|Any CPU.Build.0 = Release|Any CPU
		{48BCC4DD-9CDC-34F6-9E5B-FCE3F860B6CA}.Analyze|Any CPU.ActiveCfg = Analyze|Any CPU
		{48BCC4DD-9CDC-34F6-9E5B-FCE3F860B6CA}.Analyze|Any CPU.Build.0 = Analyze|Any CPU
		{48BCC4DD-9CDC-34F6-9E5B-FCE3F860B6CA}.Debug|Any CPU.ActiveCfg = Debug|Any CPU
		{48BCC4DD-9CDC-34F6-9E5B-FCE3F860B6CA}.Debug|Any CPU.Build.0 = Debug|Any CPU
		{48BCC4DD-9CDC-34F6-9E5B-FCE3F860B6CA}.Development|Any CPU.ActiveCfg = Development|Any CPU
		{48BCC4DD-9CDC-34F6-9E5B-FCE3F860B6CA}.Development|Any CPU.Build.0 = Development|Any CPU
		{48BCC4DD-9CDC-34F6-9E5B-FCE3F860B6CA}.Release|Any CPU.ActiveCfg = Release|Any CPU
		{48BCC4DD-9CDC-34F6-9E5B-FCE3F860B6CA}.Release|Any CPU.Build.0 = Release|Any CPU
		{B7462B95-F5A1-3A6B-B0D7-E3195DBC0E2F}.Analyze|Any CPU.ActiveCfg = Analyze|Any CPU
		{B7462B95-F5A1-3A6B-B0D7-E3195DBC0E2F}.Analyze|Any CPU.Build.0 = Analyze|Any CPU
		{B7462B95-F5A1-3A6B-B0D7-E3195DBC0E2F}.Debug|Any CPU.ActiveCfg = Debug|Any CPU
		{B7462B95-F5A1-3A6B-B0D7-E3195DBC0E2F}.Debug|Any CPU.Build.0 = Debug|Any CPU
		{B7462B95-F5A1-3A6B-B0D7-E3195DBC0E2F}.Development|Any CPU.ActiveCfg = Development|Any CPU
		{B7462B95-F5A1-3A6B-B0D7-E3195DBC0E2F}.Development|Any CPU.Build.0 = Development|Any CPU
		{B7462B95-F5A1-3A6B-B0D7-E3195DBC0E2F}.Release|Any CPU.ActiveCfg = Release|Any CPU
		{B7462B95-F5A1-3A6B-B0D7-E3195DBC0E2F}.Release|Any CPU.Build.0 = Release|Any CPU
		{D0B35CD0-04B2-39FA-A389-F6E2511DE057}.Analyze|Any CPU.ActiveCfg = Analyze|Any CPU
		{D0B35CD0-04B2-39FA-A389-F6E2511DE057}.Analyze|Any CPU.Build.0 = Analyze|Any CPU
		{D0B35CD0-04B2-39FA-A389-F6E2511DE057}.Debug|Any CPU.ActiveCfg = Debug|Any CPU
		{D0B35CD0-04B2-39FA-A389-F6E2511DE057}.Debug|Any CPU.Build.0 = Debug|Any CPU
		{D0B35CD0-04B2-39FA-A389-F6E2511DE057}.Development|Any CPU.ActiveCfg = Development|Any CPU
		{D0B35CD0-04B2-39FA-A389-F6E2511DE057}.Development|Any CPU.Build.0 = Development|Any CPU
		{D0B35CD0-04B2-39FA-A389-F6E2511DE057}.Release|Any CPU.ActiveCfg = Release|Any CPU
		{D0B35CD0-04B2-39FA-A389-F6E2511DE057}.Release|Any CPU.Build.0 = Release|Any CPU
		{605F8060-D55C-344A-A39A-6ED7038AE0E7}.Analyze|Any CPU.ActiveCfg = Analyze|Any CPU
		{605F8060-D55C-344A-A39A-6ED7038AE0E7}.Analyze|Any CPU.Build.0 = Analyze|Any CPU
		{605F8060-D55C-344A-A39A-6ED7038AE0E7}.Debug|Any CPU.ActiveCfg = Debug|Any CPU
		{605F8060-D55C-344A-A39A-6ED7038AE0E7}.Debug|Any CPU.Build.0 = Debug|Any CPU
		{605F8060-D55C-344A-A39A-6ED7038AE0E7}.Development|Any CPU.ActiveCfg = Development|Any CPU
		{605F8060-D55C-344A-A39A-6ED7038AE0E7}.Development|Any CPU.Build.0 = Development|Any CPU
		{605F8060-D55C-344A-A39A-6ED7038AE0E7}.Release|Any CPU.ActiveCfg = Release|Any CPU
		{605F8060-D55C-344A-A39A-6ED7038AE0E7}.Release|Any CPU.Build.0 = Release|Any CPU
		{23420930-A06A-3B42-862C-85288A954B07}.Analyze|Any CPU.ActiveCfg = Analyze|Any CPU
		{23420930-A06A-3B42-862C-85288A954B07}.Analyze|Any CPU.Build.0 = Analyze|Any CPU
		{23420930-A06A-3B42-862C-85288A954B07}.Debug|Any CPU.ActiveCfg = Debug|Any CPU
		{23420930-A06A-3B42-862C-85288A954B07}.Debug|Any CPU.Build.0 = Debug|Any CPU
		{23420930-A06A-3B42-862C-85288A954B07}.Development|Any CPU.ActiveCfg = Development|Any CPU
		{23420930-A06A-3B42-862C-85288A954B07}.Development|Any CPU.Build.0 = Development|Any CPU
		{23420930-A06A-3B42-862C-85288A954B07}.Release|Any CPU.ActiveCfg = Release|Any CPU
		{23420930-A06A-3B42-862C-85288A954B07}.Release|Any CPU.Build.0 = Release|Any CPU
		{B8AD4F9D-31A0-30CA-BEE4-94C3F6923EFD}.Analyze|Any CPU.ActiveCfg = Analyze|Any CPU
		{B8AD4F9D-31A0-30CA-BEE4-94C3F6923EFD}.Analyze|Any CPU.Build.0 = Analyze|Any CPU
		{B8AD4F9D-31A0-30CA-BEE4-94C3F6923EFD}.Debug|Any CPU.ActiveCfg = Debug|Any CPU
		{B8AD4F9D-31A0-30CA-BEE4-94C3F6923EFD}.Debug|Any CPU.Build.0 = Debug|Any CPU
		{B8AD4F9D-31A0-30CA-BEE4-94C3F6923EFD}.Development|Any CPU.ActiveCfg = Development|Any CPU
		{B8AD4F9D-31A0-30CA-BEE4-94C3F6923EFD}.Development|Any CPU.Build.0 = Development|Any CPU
		{B8AD4F9D-31A0-30CA-BEE4-94C3F6923EFD}.Release|Any CPU.ActiveCfg = Release|Any CPU
		{B8AD4F9D-31A0-30CA-BEE4-94C3F6923EFD}.Release|Any CPU.Build.0 = Release|Any CPU
		{907348A0-9317-319E-A679-9666CA091FEB}.Analyze|Any CPU.ActiveCfg = Analyze|Any CPU
		{907348A0-9317-319E-A679-9666CA091FEB}.Analyze|Any CPU.Build.0 = Analyze|Any CPU
		{907348A0-9317-319E-A679-9666CA091FEB}.Debug|Any CPU.ActiveCfg = Debug|Any CPU
		{907348A0-9317-319E-A679-9666CA091FEB}.Debug|Any CPU.Build.0 = Debug|Any CPU
		{907348A0-9317-319E-A679-9666CA091FEB}.Development|Any CPU.ActiveCfg = Development|Any CPU
		{907348A0-9317-319E-A679-9666CA091FEB}.Development|Any CPU.Build.0 = Development|Any CPU
		{907348A0-9317-319E-A679-9666CA091FEB}.Release|Any CPU.ActiveCfg = Release|Any CPU
		{907348A0-9317-319E-A679-9666CA091FEB}.Release|Any CPU.Build.0 = Release|Any CPU
		{B5AFCA2C-F8ED-37E7-99DF-5683B9B1CF29}.Analyze|Any CPU.ActiveCfg = Analyze|Any CPU
		{B5AFCA2C-F8ED-37E7-99DF-5683B9B1CF29}.Analyze|Any CPU.Build.0 = Analyze|Any CPU
		{B5AFCA2C-F8ED-37E7-99DF-5683B9B1CF29}.Debug|Any CPU.ActiveCfg = Debug|Any CPU
		{B5AFCA2C-F8ED-37E7-99DF-5683B9B1CF29}.Debug|Any CPU.Build.0 = Debug|Any CPU
		{B5AFCA2C-F8ED-37E7-99DF-5683B9B1CF29}.Development|Any CPU.ActiveCfg = Development|Any CPU
		{B5AFCA2C-F8ED-37E7-99DF-5683B9B1CF29}.Development|Any CPU.Build.0 = Development|Any CPU
		{B5AFCA2C-F8ED-37E7-99DF-5683B9B1CF29}.Release|Any CPU.ActiveCfg = Release|Any CPU
		{B5AFCA2C-F8ED-37E7-99DF-5683B9B1CF29}.Release|Any CPU.Build.0 = Release|Any CPU
		{027E7A15-1384-3431-B407-3CA21C324EF7}.Analyze|Any CPU.ActiveCfg = Analyze|Any CPU
		{027E7A15-1384-3431-B407-3CA21C324EF7}.Analyze|Any CPU.Build.0 = Analyze|Any CPU
		{027E7A15-1384-3431-B407-3CA21C324EF7}.Debug|Any CPU.ActiveCfg = Debug|Any CPU
		{027E7A15-1384-3431-B407-3CA21C324EF7}.Debug|Any CPU.Build.0 = Debug|Any CPU
		{027E7A15-1384-3431-B407-3CA21C324EF7}.Development|Any CPU.ActiveCfg = Development|Any CPU
		{027E7A15-1384-3431-B407-3CA21C324EF7}.Development|Any CPU.Build.0 = Development|Any CPU
		{027E7A15-1384-3431-B407-3CA21C324EF7}.Release|Any CPU.ActiveCfg = Release|Any CPU
		{027E7A15-1384-3431-B407-3CA21C324EF7}.Release|Any CPU.Build.0 = Release|Any CPU
		{E0B80EF5-818C-3AEF-B5C8-DCFC93615DE7}.Analyze|Any CPU.ActiveCfg = Analyze|Any CPU
		{E0B80EF5-818C-3AEF-B5C8-DCFC93615DE7}.Analyze|Any CPU.Build.0 = Analyze|Any CPU
		{E0B80EF5-818C-3AEF-B5C8-DCFC93615DE7}.Debug|Any CPU.ActiveCfg = Debug|Any CPU
		{E0B80EF5-818C-3AEF-B5C8-DCFC93615DE7}.Debug|Any CPU.Build.0 = Debug|Any CPU
		{E0B80EF5-818C-3AEF-B5C8-DCFC93615DE7}.Development|Any CPU.ActiveCfg = Development|Any CPU
		{E0B80EF5-818C-3AEF-B5C8-DCFC93615DE7}.Development|Any CPU.Build.0 = Development|Any CPU
		{E0B80EF5-818C-3AEF-B5C8-DCFC93615DE7}.Release|Any CPU.ActiveCfg = Release|Any CPU
		{E0B80EF5-818C-3AEF-B5C8-DCFC93615DE7}.Release|Any CPU.Build.0 = Release|Any CPU
		{AE8CE70B-A08B-3689-B462-B276F8300725}.Analyze|Any CPU.ActiveCfg = Analyze|Any CPU
		{AE8CE70B-A08B-3689-B462-B276F8300725}.Analyze|Any CPU.Build.0 = Analyze|Any CPU
		{AE8CE70B-A08B-3689-B462-B276F8300725}.Debug|Any CPU.ActiveCfg = Debug|Any CPU
		{AE8CE70B-A08B-3689-B462-B276F8300725}.Debug|Any CPU.Build.0 = Debug|Any CPU
		{AE8CE70B-A08B-3689-B462-B276F8300725}.Development|Any CPU.ActiveCfg = Development|Any CPU
		{AE8CE70B-A08B-3689-B462-B276F8300725}.Development|Any CPU.Build.0 = Development|Any CPU
		{AE8CE70B-A08B-3689-B462-B276F8300725}.Release|Any CPU.ActiveCfg = Release|Any CPU
		{AE8CE70B-A08B-3689-B462-B276F8300725}.Release|Any CPU.Build.0 = Release|Any CPU
		{EE831F14-0E32-3F5A-8702-3FD89D81284A}.Analyze|Any CPU.ActiveCfg = Analyze|Any CPU
		{EE831F14-0E32-3F5A-8702-3FD89D81284A}.Analyze|Any CPU.Build.0 = Analyze|Any CPU
		{EE831F14-0E32-3F5A-8702-3FD89D81284A}.Debug|Any CPU.ActiveCfg = Debug|Any CPU
		{EE831F14-0E32-3F5A-8702-3FD89D81284A}.Debug|Any CPU.Build.0 = Debug|Any CPU
		{EE831F14-0E32-3F5A-8702-3FD89D81284A}.Development|Any CPU.ActiveCfg = Development|Any CPU
		{EE831F14-0E32-3F5A-8702-3FD89D81284A}.Development|Any CPU.Build.0 = Development|Any CPU
		{EE831F14-0E32-3F5A-8702-3FD89D81284A}.Release|Any CPU.ActiveCfg = Release|Any CPU
		{EE831F14-0E32-3F5A-8702-3FD89D81284A}.Release|Any CPU.Build.0 = Release|Any CPU
		{1AC95F63-7801-303F-8EA3-0C116B624D40}.Analyze|Any CPU.ActiveCfg = Analyze|Any CPU
		{1AC95F63-7801-303F-8EA3-0C116B624D40}.Analyze|Any CPU.Build.0 = Analyze|Any CPU
		{1AC95F63-7801-303F-8EA3-0C116B624D40}.Debug|Any CPU.ActiveCfg = Debug|Any CPU
		{1AC95F63-7801-303F-8EA3-0C116B624D40}.Debug|Any CPU.Build.0 = Debug|Any CPU
		{1AC95F63-7801-303F-8EA3-0C116B624D40}.Development|Any CPU.ActiveCfg = Development|Any CPU
		{1AC95F63-7801-303F-8EA3-0C116B624D40}.Development|Any CPU.Build.0 = Development|Any CPU
		{1AC95F63-7801-303F-8EA3-0C116B624D40}.Release|Any CPU.ActiveCfg = Release|Any CPU
		{1AC95F63-7801-303F-8EA3-0C116B624D40}.Release|Any CPU.Build.0 = Release|Any CPU
		{93D17CB9-2F65-32B2-8800-C4B534BE5C10}.Analyze|Any CPU.ActiveCfg = Analyze|Any CPU
		{93D17CB9-2F65-32B2-8800-C4B534BE5C10}.Analyze|Any CPU.Build.0 = Analyze|Any CPU
		{93D17CB9-2F65-32B2-8800-C4B534BE5C10}.Debug|Any CPU.ActiveCfg = Debug|Any CPU
		{93D17CB9-2F65-32B2-8800-C4B534BE5C10}.Debug|Any CPU.Build.0 = Debug|Any CPU
		{93D17CB9-2F65-32B2-8800-C4B534BE5C10}.Development|Any CPU.ActiveCfg = Development|Any CPU
		{93D17CB9-2F65-32B2-8800-C4B534BE5C10}.Development|Any CPU.Build.0 = Development|Any CPU
		{93D17CB9-2F65-32B2-8800-C4B534BE5C10}.Release|Any CPU.ActiveCfg = Release|Any CPU
		{93D17CB9-2F65-32B2-8800-C4B534BE5C10}.Release|Any CPU.Build.0 = Release|Any CPU
		{635A28EA-6F33-3C84-8155-B8F423D5FA64}.Analyze|Any CPU.ActiveCfg = Analyze|Any CPU
		{635A28EA-6F33-3C84-8155-B8F423D5FA64}.Analyze|Any CPU.Build.0 = Analyze|Any CPU
		{635A28EA-6F33-3C84-8155-B8F423D5FA64}.Debug|Any CPU.ActiveCfg = Debug|Any CPU
		{635A28EA-6F33-3C84-8155-B8F423D5FA64}.Debug|Any CPU.Build.0 = Debug|Any CPU
		{635A28EA-6F33-3C84-8155-B8F423D5FA64}.Development|Any CPU.ActiveCfg = Development|Any CPU
		{635A28EA-6F33-3C84-8155-B8F423D5FA64}.Development|Any CPU.Build.0 = Development|Any CPU
		{635A28EA-6F33-3C84-8155-B8F423D5FA64}.Release|Any CPU.ActiveCfg = Release|Any CPU
		{635A28EA-6F33-3C84-8155-B8F423D5FA64}.Release|Any CPU.Build.0 = Release|Any CPU
		{C02519DE-5FF0-3C27-B29A-798681E74320}.Analyze|Any CPU.ActiveCfg = Analyze|Any CPU
		{C02519DE-5FF0-3C27-B29A-798681E74320}.Analyze|Any CPU.Build.0 = Analyze|Any CPU
		{C02519DE-5FF0-3C27-B29A-798681E74320}.Debug|Any CPU.ActiveCfg = Debug|Any CPU
		{C02519DE-5FF0-3C27-B29A-798681E74320}.Debug|Any CPU.Build.0 = Debug|Any CPU
		{C02519DE-5FF0-3C27-B29A-798681E74320}.Development|Any CPU.ActiveCfg = Development|Any CPU
		{C02519DE-5FF0-3C27-B29A-798681E74320}.Development|Any CPU.Build.0 = Development|Any CPU
		{C02519DE-5FF0-3C27-B29A-798681E74320}.Release|Any CPU.ActiveCfg = Release|Any CPU
		{C02519DE-5FF0-3C27-B29A-798681E74320}.Release|Any CPU.Build.0 = Release|Any CPU
	EndGlobalSection
	GlobalSection(SolutionProperties) = preSolution
		HideSolutionNode = FALSE
	EndGlobalSection
	GlobalSection(NestedProjects) = preSolution
		{F3F700E7-DB2D-39A9-A189-51ED5E9EE3BD} = {58A72724-8CB8-3260-8ADB-0161BCAC3D64}
		{71D6D1E1-D38E-36A6-9BCB-17FA852E90FC} = {58A72724-8CB8-3260-8ADB-0161BCAC3D64}
		{43E68169-A101-372A-AF60-45F48748A91F} = {58A72724-8CB8-3260-8ADB-0161BCAC3D64}
		{6AB6FDC5-D69B-3CCB-8594-1A21D47621D0} = {58A72724-8CB8-3260-8ADB-0161BCAC3D64}
		{E723528F-53BB-3674-A450-7B5ED62E2A45} = {58A72724-8CB8-3260-8ADB-0161BCAC3D64}
		{D34D8210-251E-348C-B82E-EC75C683B8B9} = {58A72724-8CB8-3260-8ADB-0161BCAC3D64}
		{18403DF8-1E8A-3D73-B32E-7E093D480F25} = {58A72724-8CB8-3260-8ADB-0161BCAC3D64}
		{4691531C-9BCB-3312-BA1E-7E87A278CBC6} = {58A72724-8CB8-3260-8ADB-0161BCAC3D64}
		{B65E71E9-D6C2-36CE-84A8-90A3E5ED9D85} = {58A72724-8CB8-3260-8ADB-0161BCAC3D64}
		{C4A40F77-FC66-3410-85A1-D2AC177A1865} = {58A72724-8CB8-3260-8ADB-0161BCAC3D64}
		{288EE914-8916-379E-8254-1580BDAD91DC} = {58A72724-8CB8-3260-8ADB-0161BCAC3D64}
		{48BCC4DD-9CDC-34F6-9E5B-FCE3F860B6CA} = {58A72724-8CB8-3260-8ADB-0161BCAC3D64}
		{B7462B95-F5A1-3A6B-B0D7-E3195DBC0E2F} = {58A72724-8CB8-3260-8ADB-0161BCAC3D64}
		{D0B35CD0-04B2-39FA-A389-F6E2511DE057} = {58A72724-8CB8-3260-8ADB-0161BCAC3D64}
		{605F8060-D55C-344A-A39A-6ED7038AE0E7} = {58A72724-8CB8-3260-8ADB-0161BCAC3D64}
		{23420930-A06A-3B42-862C-85288A954B07} = {58A72724-8CB8-3260-8ADB-0161BCAC3D64}
		{B8AD4F9D-31A0-30CA-BEE4-94C3F6923EFD} = {58A72724-8CB8-3260-8ADB-0161BCAC3D64}
		{907348A0-9317-319E-A679-9666CA091FEB} = {58A72724-8CB8-3260-8ADB-0161BCAC3D64}
		{B5AFCA2C-F8ED-37E7-99DF-5683B9B1CF29} = {63F96FAF-71A6-3DD6-AF0D-64B1504528FF}
		{027E7A15-1384-3431-B407-3CA21C324EF7} = {63F96FAF-71A6-3DD6-AF0D-64B1504528FF}
		{E0B80EF5-818C-3AEF-B5C8-DCFC93615DE7} = {63F96FAF-71A6-3DD6-AF0D-64B1504528FF}
		{AE8CE70B-A08B-3689-B462-B276F8300725} = {63F96FAF-71A6-3DD6-AF0D-64B1504528FF}
		{EE831F14-0E32-3F5A-8702-3FD89D81284A} = {63F96FAF-71A6-3DD6-AF0D-64B1504528FF}
		{1AC95F63-7801-303F-8EA3-0C116B624D40} = {63F96FAF-71A6-3DD6-AF0D-64B1504528FF}
		{93D17CB9-2F65-32B2-8800-C4B534BE5C10} = {63F96FAF-71A6-3DD6-AF0D-64B1504528FF}
		{635A28EA-6F33-3C84-8155-B8F423D5FA64} = {63F96FAF-71A6-3DD6-AF0D-64B1504528FF}
		{C02519DE-5FF0-3C27-B29A-798681E74320} = {63F96FAF-71A6-3DD6-AF0D-64B1504528FF}
	EndGlobalSection
EndGlobal
